{
  "version": 4,
  "terraform_version": "1.6.6",
  "serial": 17,
  "lineage": "f5d8330d-750e-22b8-22a3-a1bdae4f1e36",
  "outputs": {},
  "resources": [
    {
      "module": "module.azurerm_keyvault",
      "mode": "data",
      "type": "azurerm_client_config",
      "name": "current",
      "provider": "provider[\"registry.terraform.io/hashicorp/azurerm\"]",
      "instances": [
        {
          "schema_version": 0,
          "attributes": {
            "client_id": "04b07795-8ddb-461a-bbee-02f9e1bf7b46",
            "id": "Y2xpZW50Q29uZmlncy9jbGllbnRJZD0wNGIwNzc5NS04ZGRiLTQ2MWEtYmJlZS0wMmY5ZTFiZjdiNDY7b2JqZWN0SWQ9ODhjNDUzNzctNTQwMi00MmQ4LTg1NTMtY2I2OGUwODQ0MThlO3N1YnNjcmlwdGlvbklkPTUxNTc3NmM4LWIzYTgtNDg2Mi05MjI0LTk0NDJkOWE2ZWJiOTt0ZW5hbnRJZD0yZGEwNjM3Ny05NWM3LTQ5MTctYTVjYy05ZDM3ZTNhMWFhYzU=",
            "object_id": "88c45377-5402-42d8-8553-cb68e084418e",
            "subscription_id": "515776c8-b3a8-4862-9224-9442d9a6ebb9",
            "tenant_id": "2da06377-95c7-4917-a5cc-9d37e3a1aac5",
            "timeouts": null
          },
          "sensitive_attributes": []
        }
      ]
    },
    {
      "module": "module.azurerm_keyvault",
      "mode": "managed",
      "type": "azurerm_key_vault",
      "name": "example",
      "provider": "provider[\"registry.terraform.io/hashicorp/azurerm\"]",
      "instances": [
        {
          "index_key": "keyvault1",
          "schema_version": 2,
          "attributes": {
            "access_policy": [
              {
                "application_id": "",
                "certificate_permissions": [],
                "key_permissions": [
                  "Get"
                ],
                "object_id": "88c45377-5402-42d8-8553-cb68e084418e",
                "secret_permissions": [
                  "Get"
                ],
                "storage_permissions": [
                  "Get"
                ],
                "tenant_id": "2da06377-95c7-4917-a5cc-9d37e3a1aac5"
              }
            ],
            "contact": [],
            "enable_rbac_authorization": true,
            "enabled_for_deployment": false,
            "enabled_for_disk_encryption": true,
            "enabled_for_template_deployment": false,
            "id": "/subscriptions/515776c8-b3a8-4862-9224-9442d9a6ebb9/resourceGroups/todo-rg1/providers/Microsoft.KeyVault/vaults/keyvault12dev001",
            "location": "eastus",
            "name": "keyvault12dev001",
            "network_acls": [
              {
                "bypass": "AzureServices",
                "default_action": "Allow",
                "ip_rules": [],
                "virtual_network_subnet_ids": []
              }
            ],
            "public_network_access_enabled": true,
            "purge_protection_enabled": false,
            "rbac_authorization_enabled": true,
            "resource_group_name": "todo-rg1",
            "sku_name": "standard",
            "soft_delete_retention_days": 7,
            "tags": {},
            "tenant_id": "2da06377-95c7-4917-a5cc-9d37e3a1aac5",
            "timeouts": null,
            "vault_uri": "https://keyvault12dev001.vault.azure.net/"
          },
          "sensitive_attributes": [],
          "private": "eyJlMmJmYjczMC1lY2FhLTExZTYtOGY4OC0zNDM2M2JjN2M0YzAiOnsiY3JlYXRlIjoxODAwMDAwMDAwMDAwLCJkZWxldGUiOjE4MDAwMDAwMDAwMDAsInJlYWQiOjMwMDAwMDAwMDAwMCwidXBkYXRlIjoxODAwMDAwMDAwMDAwfSwic2NoZW1hX3ZlcnNpb24iOiIyIn0=",
          "dependencies": [
            "module.azurerm_keyvault.data.azurerm_client_config.current",
            "module.azurerm_resource_group.azurerm_resource_group.todo_rg"
          ]
        }
      ]
    },
    {
      "module": "module.azurerm_public_ip",
      "mode": "managed",
      "type": "azurerm_public_ip",
      "name": "public_ip",
      "provider": "provider[\"registry.terraform.io/hashicorp/azurerm\"]",
      "instances": [
        {
          "index_key": "pub_ip1",
          "schema_version": 0,
          "attributes": {
            "allocation_method": "Static",
            "ddos_protection_mode": "VirtualNetworkInherited",
            "ddos_protection_plan_id": null,
            "domain_name_label": null,
            "domain_name_label_scope": null,
            "edge_zone": "",
            "fqdn": null,
            "id": "/subscriptions/515776c8-b3a8-4862-9224-9442d9a6ebb9/resourceGroups/todo-rg1/providers/Microsoft.Network/publicIPAddresses/todo-public-ip",
            "idle_timeout_in_minutes": 4,
            "ip_address": "20.51.157.174",
            "ip_tags": {},
            "ip_version": "IPv4",
            "location": "eastus",
            "name": "todo-public-ip",
            "public_ip_prefix_id": null,
            "resource_group_name": "todo-rg1",
            "reverse_fqdn": null,
            "sku": "Standard",
            "sku_tier": "Regional",
            "tags": {},
            "timeouts": null,
            "zones": []
          },
          "sensitive_attributes": [],
          "private": "eyJlMmJmYjczMC1lY2FhLTExZTYtOGY4OC0zNDM2M2JjN2M0YzAiOnsiY3JlYXRlIjoxODAwMDAwMDAwMDAwLCJkZWxldGUiOjE4MDAwMDAwMDAwMDAsInJlYWQiOjMwMDAwMDAwMDAwMCwidXBkYXRlIjoxODAwMDAwMDAwMDAwfX0=",
          "dependencies": [
            "module.azurerm_resource_group.azurerm_resource_group.todo_rg"
          ]
        }
      ]
    },
    {
      "module": "module.azurerm_resource_group",
      "mode": "managed",
      "type": "azurerm_resource_group",
      "name": "todo_rg",
      "provider": "provider[\"registry.terraform.io/hashicorp/azurerm\"]",
      "instances": [
        {
          "index_key": "rg1",
          "schema_version": 0,
          "attributes": {
            "id": "/subscriptions/515776c8-b3a8-4862-9224-9442d9a6ebb9/resourceGroups/todo-rg1",
            "location": "eastus",
            "managed_by": "",
            "name": "todo-rg1",
            "tags": {},
            "timeouts": null
          },
          "sensitive_attributes": [],
          "private": "eyJlMmJmYjczMC1lY2FhLTExZTYtOGY4OC0zNDM2M2JjN2M0YzAiOnsiY3JlYXRlIjo1NDAwMDAwMDAwMDAwLCJkZWxldGUiOjU0MDAwMDAwMDAwMDAsInJlYWQiOjMwMDAwMDAwMDAwMCwidXBkYXRlIjo1NDAwMDAwMDAwMDAwfX0="
        }
      ]
    },
    {
      "module": "module.azurerm_subnet",
      "mode": "managed",
      "type": "azurerm_subnet",
      "name": "subnet",
      "provider": "provider[\"registry.terraform.io/hashicorp/azurerm\"]",
      "instances": [
        {
          "index_key": "subnet1",
          "schema_version": 0,
          "attributes": {
            "address_prefixes": [
              "10.0.1.0/24"
            ],
            "default_outbound_access_enabled": true,
            "delegation": [],
            "id": "/subscriptions/515776c8-b3a8-4862-9224-9442d9a6ebb9/resourceGroups/todo-rg1/providers/Microsoft.Network/virtualNetworks/todo-vnet/subnets/todo-subnet1",
            "ip_address_pool": [],
            "name": "todo-subnet1",
            "private_endpoint_network_policies": "Disabled",
            "private_link_service_network_policies_enabled": true,
            "resource_group_name": "todo-rg1",
            "service_endpoint_policy_ids": [],
            "service_endpoints": [],
            "sharing_scope": "",
            "timeouts": null,
            "virtual_network_name": "todo-vnet"
          },
          "sensitive_attributes": [],
          "private": "eyJlMmJmYjczMC1lY2FhLTExZTYtOGY4OC0zNDM2M2JjN2M0YzAiOnsiY3JlYXRlIjoxODAwMDAwMDAwMDAwLCJkZWxldGUiOjE4MDAwMDAwMDAwMDAsInJlYWQiOjMwMDAwMDAwMDAwMCwidXBkYXRlIjoxODAwMDAwMDAwMDAwfX0=",
          "dependencies": [
            "module.azurerm_resource_group.azurerm_resource_group.todo_rg",
            "module.azurerm_virtual_network.azurerm_virtual_network.vnet"
          ]
        }
      ]
    },
    {
      "module": "module.azurerm_virtual_machine",
      "mode": "data",
      "type": "azurerm_key_vault",
      "name": "kv",
      "provider": "provider[\"registry.terraform.io/hashicorp/azurerm\"]",
      "instances": [
        {
          "index_key": "nic_vm",
          "schema_version": 0,
          "attributes": {
            "access_policy": [
              {
                "application_id": "",
                "certificate_permissions": [],
                "key_permissions": [
                  "Get"
                ],
                "object_id": "88c45377-5402-42d8-8553-cb68e084418e",
                "secret_permissions": [
                  "Get"
                ],
                "storage_permissions": [
                  "Get"
                ],
                "tenant_id": "2da06377-95c7-4917-a5cc-9d37e3a1aac5"
              }
            ],
            "enable_rbac_authorization": true,
            "enabled_for_deployment": false,
            "enabled_for_disk_encryption": true,
            "enabled_for_template_deployment": false,
            "id": "/subscriptions/515776c8-b3a8-4862-9224-9442d9a6ebb9/resourceGroups/todo-rg1/providers/Microsoft.KeyVault/vaults/keyvault12dev001",
            "location": "eastus",
            "name": "keyvault12dev001",
            "network_acls": [],
            "public_network_access_enabled": true,
            "purge_protection_enabled": false,
            "rbac_authorization_enabled": true,
            "resource_group_name": "todo-rg1",
            "sku_name": "standard",
            "tags": {},
            "tenant_id": "2da06377-95c7-4917-a5cc-9d37e3a1aac5",
            "timeouts": null,
            "vault_uri": "https://keyvault12dev001.vault.azure.net/"
          },
          "sensitive_attributes": []
        }
      ]
    },
    {
      "module": "module.azurerm_virtual_machine",
      "mode": "data",
      "type": "azurerm_key_vault_secret",
      "name": "password",
      "provider": "provider[\"registry.terraform.io/hashicorp/azurerm\"]",
      "instances": [
        {
          "index_key": "nic_vm",
          "schema_version": 0,
          "attributes": {
            "content_type": "",
            "expiration_date": "",
            "id": "https://keyvault12dev001.vault.azure.net/secrets/vm-password/c919573e2c904fa78d2184462e8680ba",
            "key_vault_id": "/subscriptions/515776c8-b3a8-4862-9224-9442d9a6ebb9/resourceGroups/todo-rg1/providers/Microsoft.KeyVault/vaults/keyvault12dev001",
            "name": "vm-password",
            "not_before_date": "",
            "resource_id": "/subscriptions/515776c8-b3a8-4862-9224-9442d9a6ebb9/resourceGroups/todo-rg1/providers/Microsoft.KeyVault/vaults/keyvault12dev001/secrets/vm-password/versions/c919573e2c904fa78d2184462e8680ba",
            "resource_versionless_id": "/subscriptions/515776c8-b3a8-4862-9224-9442d9a6ebb9/resourceGroups/todo-rg1/providers/Microsoft.KeyVault/vaults/keyvault12dev001/secrets/vm-password",
            "tags": {},
            "timeouts": null,
            "value": "devopinsider@123",
            "version": "c919573e2c904fa78d2184462e8680ba",
            "versionless_id": "https://keyvault12dev001.vault.azure.net/secrets/vm-password"
          },
          "sensitive_attributes": []
        }
      ]
    },
    {
      "module": "module.azurerm_virtual_machine",
      "mode": "data",
      "type": "azurerm_key_vault_secret",
      "name": "username",
      "provider": "provider[\"registry.terraform.io/hashicorp/azurerm\"]",
      "instances": [
        {
          "index_key": "nic_vm",
          "schema_version": 0,
          "attributes": {
            "content_type": "",
            "expiration_date": "",
            "id": "https://keyvault12dev001.vault.azure.net/secrets/vm-username/a532b9dcd0874f41ab75c63793225076",
            "key_vault_id": "/subscriptions/515776c8-b3a8-4862-9224-9442d9a6ebb9/resourceGroups/todo-rg1/providers/Microsoft.KeyVault/vaults/keyvault12dev001",
            "name": "vm-username",
            "not_before_date": "",
            "resource_id": "/subscriptions/515776c8-b3a8-4862-9224-9442d9a6ebb9/resourceGroups/todo-rg1/providers/Microsoft.KeyVault/vaults/keyvault12dev001/secrets/vm-username/versions/a532b9dcd0874f41ab75c63793225076",
            "resource_versionless_id": "/subscriptions/515776c8-b3a8-4862-9224-9442d9a6ebb9/resourceGroups/todo-rg1/providers/Microsoft.KeyVault/vaults/keyvault12dev001/secrets/vm-username",
            "tags": {},
            "timeouts": null,
            "value": "Password@123",
            "version": "a532b9dcd0874f41ab75c63793225076",
            "versionless_id": "https://keyvault12dev001.vault.azure.net/secrets/vm-username"
          },
          "sensitive_attributes": []
        }
      ]
    },
    {
      "module": "module.azurerm_virtual_machine",
      "mode": "data",
      "type": "azurerm_public_ip",
      "name": "pubid",
      "provider": "provider[\"registry.terraform.io/hashicorp/azurerm\"]",
      "instances": [
        {
          "index_key": "nic_vm",
          "schema_version": 0,
          "attributes": {
            "allocation_method": "Static",
            "ddos_protection_mode": "VirtualNetworkInherited",
            "ddos_protection_plan_id": null,
            "domain_name_label": "",
            "fqdn": "",
            "id": "/subscriptions/515776c8-b3a8-4862-9224-9442d9a6ebb9/resourceGroups/todo-rg1/providers/Microsoft.Network/publicIPAddresses/todo-public-ip",
            "idle_timeout_in_minutes": 4,
            "ip_address": "20.51.157.174",
            "ip_tags": {},
            "ip_version": "IPv4",
            "location": "eastus",
            "name": "todo-public-ip",
            "resource_group_name": "todo-rg1",
            "reverse_fqdn": "",
            "sku": "Standard",
            "tags": {},
            "timeouts": null,
            "zones": []
          },
          "sensitive_attributes": []
        }
      ]
    },
    {
      "module": "module.azurerm_virtual_machine",
      "mode": "data",
      "type": "azurerm_subnet",
      "name": "subid",
      "provider": "provider[\"registry.terraform.io/hashicorp/azurerm\"]",
      "instances": [
        {
          "index_key": "nic_vm",
          "schema_version": 0,
          "attributes": {
            "address_prefix": "10.0.1.0/24",
            "address_prefixes": [
              "10.0.1.0/24"
            ],
            "default_outbound_access_enabled": true,
            "id": "/subscriptions/515776c8-b3a8-4862-9224-9442d9a6ebb9/resourceGroups/todo-rg1/providers/Microsoft.Network/virtualNetworks/todo-vnet/subnets/todo-subnet1",
            "name": "todo-subnet1",
            "network_security_group_id": "",
            "private_endpoint_network_policies": "Disabled",
            "private_link_service_network_policies_enabled": true,
            "resource_group_name": "todo-rg1",
            "route_table_id": "",
            "service_endpoints": [],
            "timeouts": null,
            "virtual_network_name": "todo-vnet"
          },
          "sensitive_attributes": []
        }
      ]
    },
    {
      "module": "module.azurerm_virtual_machine",
      "mode": "managed",
      "type": "azurerm_linux_virtual_machine",
      "name": "vm",
      "provider": "provider[\"registry.terraform.io/hashicorp/azurerm\"]",
      "instances": [
        {
          "index_key": "nic_vm",
          "schema_version": 0,
          "attributes": {
            "additional_capabilities": [],
            "admin_password": "devopinsider@123",
            "admin_ssh_key": [],
            "admin_username": "Password@123",
            "allow_extension_operations": true,
            "availability_set_id": "",
            "boot_diagnostics": [],
            "bypass_platform_safety_checks_on_user_schedule_enabled": false,
            "capacity_reservation_group_id": "",
            "computer_name": "todo-vm",
            "custom_data": null,
            "dedicated_host_group_id": "",
            "dedicated_host_id": "",
            "disable_password_authentication": false,
            "disk_controller_type": "",
            "edge_zone": "",
            "encryption_at_host_enabled": false,
            "eviction_policy": "",
            "extensions_time_budget": "PT1H30M",
            "gallery_application": [],
            "id": "/subscriptions/515776c8-b3a8-4862-9224-9442d9a6ebb9/resourceGroups/todo-rg1/providers/Microsoft.Compute/virtualMachines/todo-vm",
            "identity": [],
            "license_type": "",
            "location": "eastus",
            "max_bid_price": -1,
            "name": "todo-vm",
            "network_interface_ids": [
              "/subscriptions/515776c8-b3a8-4862-9224-9442d9a6ebb9/resourceGroups/todo-rg1/providers/Microsoft.Network/networkInterfaces/todo-nic"
            ],
            "os_disk": [
              {
                "caching": "ReadWrite",
                "diff_disk_settings": [],
                "disk_encryption_set_id": "",
                "disk_size_gb": 30,
                "id": "/subscriptions/515776c8-b3a8-4862-9224-9442d9a6ebb9/resourceGroups/todo-rg1/providers/Microsoft.Compute/disks/todo-vm_OsDisk_1_3db63deab0854a96b6c276bfe1e422d0",
                "name": "todo-vm_OsDisk_1_3db63deab0854a96b6c276bfe1e422d0",
                "secure_vm_disk_encryption_set_id": "",
                "security_encryption_type": "",
                "storage_account_type": "Standard_LRS",
                "write_accelerator_enabled": false
              }
            ],
            "os_image_notification": [],
            "os_managed_disk_id": "/subscriptions/515776c8-b3a8-4862-9224-9442d9a6ebb9/resourceGroups/todo-rg1/providers/Microsoft.Compute/disks/todo-vm_OsDisk_1_3db63deab0854a96b6c276bfe1e422d0",
            "patch_assessment_mode": "ImageDefault",
            "patch_mode": "ImageDefault",
            "plan": [],
            "platform_fault_domain": -1,
            "priority": "Regular",
            "private_ip_address": "10.0.1.4",
            "private_ip_addresses": [
              "10.0.1.4"
            ],
            "provision_vm_agent": true,
            "proximity_placement_group_id": "",
            "public_ip_address": "20.51.157.174",
            "public_ip_addresses": [
              "20.51.157.174"
            ],
            "reboot_setting": "",
            "resource_group_name": "todo-rg1",
            "secret": [],
            "secure_boot_enabled": false,
            "size": "Standard_B2s",
            "source_image_id": "",
            "source_image_reference": [
              {
                "offer": "UbuntuServer",
                "publisher": "Canonical",
                "sku": "18.04-LTS",
                "version": "latest"
              }
            ],
            "tags": {},
            "termination_notification": [],
            "timeouts": null,
            "user_data": "",
            "virtual_machine_id": "49440469-2969-4d58-a0ad-dfc2bc32c8a7",
            "virtual_machine_scale_set_id": "",
            "vm_agent_platform_updates_enabled": false,
            "vtpm_enabled": false,
            "zone": ""
          },
          "sensitive_attributes": [
            [
              {
                "type": "get_attr",
                "value": "admin_username"
              }
            ],
            [
              {
                "type": "get_attr",
                "value": "admin_password"
              }
            ]
          ],
          "private": "eyJlMmJmYjczMC1lY2FhLTExZTYtOGY4OC0zNDM2M2JjN2M0YzAiOnsiY3JlYXRlIjoyNzAwMDAwMDAwMDAwLCJkZWxldGUiOjI3MDAwMDAwMDAwMDAsInJlYWQiOjMwMDAwMDAwMDAwMCwidXBkYXRlIjoyNzAwMDAwMDAwMDAwfX0=",
          "dependencies": [
            "module.azurerm_keyvault.azurerm_key_vault.example",
            "module.azurerm_keyvault.data.azurerm_client_config.current",
            "module.azurerm_public_ip.azurerm_public_ip.public_ip",
            "module.azurerm_resource_group.azurerm_resource_group.todo_rg",
            "module.azurerm_subnet.azurerm_subnet.subnet",
            "module.azurerm_virtual_machine.azurerm_network_interface.nic",
            "module.azurerm_virtual_machine.data.azurerm_key_vault.kv",
            "module.azurerm_virtual_machine.data.azurerm_key_vault_secret.password",
            "module.azurerm_virtual_machine.data.azurerm_key_vault_secret.username",
            "module.azurerm_virtual_machine.data.azurerm_public_ip.pubid",
            "module.azurerm_virtual_machine.data.azurerm_subnet.subid",
            "module.azurerm_virtual_network.azurerm_virtual_network.vnet"
          ]
        }
      ]
    },
    {
      "module": "module.azurerm_virtual_machine",
      "mode": "managed",
      "type": "azurerm_network_interface",
      "name": "nic",
      "provider": "provider[\"registry.terraform.io/hashicorp/azurerm\"]",
      "instances": [
        {
          "index_key": "nic_vm",
          "schema_version": 0,
          "attributes": {
            "accelerated_networking_enabled": false,
            "applied_dns_servers": [],
            "auxiliary_mode": "",
            "auxiliary_sku": "",
            "dns_servers": [],
            "edge_zone": "",
            "id": "/subscriptions/515776c8-b3a8-4862-9224-9442d9a6ebb9/resourceGroups/todo-rg1/providers/Microsoft.Network/networkInterfaces/todo-nic",
            "internal_dns_name_label": "",
            "internal_domain_name_suffix": "nmwwsm1ilecephprmujqs1050d.bx.internal.cloudapp.net",
            "ip_configuration": [
              {
                "gateway_load_balancer_frontend_ip_configuration_id": "",
                "name": "ipconfig1",
                "primary": true,
                "private_ip_address": "10.0.1.4",
                "private_ip_address_allocation": "Dynamic",
                "private_ip_address_version": "IPv4",
                "public_ip_address_id": "/subscriptions/515776c8-b3a8-4862-9224-9442d9a6ebb9/resourceGroups/todo-rg1/providers/Microsoft.Network/publicIPAddresses/todo-public-ip",
                "subnet_id": "/subscriptions/515776c8-b3a8-4862-9224-9442d9a6ebb9/resourceGroups/todo-rg1/providers/Microsoft.Network/virtualNetworks/todo-vnet/subnets/todo-subnet1"
              }
            ],
            "ip_forwarding_enabled": false,
            "location": "eastus",
            "mac_address": "00-0D-3A-8E-C2-D9",
            "name": "todo-nic",
            "private_ip_address": "10.0.1.4",
            "private_ip_addresses": [
              "10.0.1.4"
            ],
            "resource_group_name": "todo-rg1",
            "tags": {},
            "timeouts": null,
            "virtual_machine_id": "/subscriptions/515776c8-b3a8-4862-9224-9442d9a6ebb9/resourceGroups/todo-rg1/providers/Microsoft.Compute/virtualMachines/todo-vm"
          },
          "sensitive_attributes": [],
          "private": "eyJlMmJmYjczMC1lY2FhLTExZTYtOGY4OC0zNDM2M2JjN2M0YzAiOnsiY3JlYXRlIjoxODAwMDAwMDAwMDAwLCJkZWxldGUiOjE4MDAwMDAwMDAwMDAsInJlYWQiOjMwMDAwMDAwMDAwMCwidXBkYXRlIjoxODAwMDAwMDAwMDAwfX0=",
          "dependencies": [
            "module.azurerm_keyvault.azurerm_key_vault.example",
            "module.azurerm_keyvault.data.azurerm_client_config.current",
            "module.azurerm_public_ip.azurerm_public_ip.public_ip",
            "module.azurerm_resource_group.azurerm_resource_group.todo_rg",
            "module.azurerm_subnet.azurerm_subnet.subnet",
            "module.azurerm_virtual_machine.data.azurerm_public_ip.pubid",
            "module.azurerm_virtual_machine.data.azurerm_subnet.subid",
            "module.azurerm_virtual_network.azurerm_virtual_network.vnet"
          ]
        }
      ]
    },
    {
      "module": "module.azurerm_virtual_network",
      "mode": "managed",
      "type": "azurerm_virtual_network",
      "name": "vnet",
      "provider": "provider[\"registry.terraform.io/hashicorp/azurerm\"]",
      "instances": [
        {
          "index_key": "vnet1",
          "schema_version": 0,
          "attributes": {
            "address_space": [
              "10.0.0.0/16"
            ],
            "bgp_community": "",
            "ddos_protection_plan": [],
            "dns_servers": [
              "8.8.8.8"
            ],
            "edge_zone": "",
            "encryption": [],
            "flow_timeout_in_minutes": 0,
            "guid": "33692d6b-5968-4704-9df1-6513096f5fd3",
            "id": "/subscriptions/515776c8-b3a8-4862-9224-9442d9a6ebb9/resourceGroups/todo-rg1/providers/Microsoft.Network/virtualNetworks/todo-vnet",
            "ip_address_pool": [],
            "location": "eastus",
            "name": "todo-vnet",
            "private_endpoint_vnet_policies": "Disabled",
            "resource_group_name": "todo-rg1",
            "subnet": [
              {
                "address_prefixes": [
                  "10.0.1.0/24"
                ],
                "default_outbound_access_enabled": true,
                "delegation": [],
                "id": "/subscriptions/515776c8-b3a8-4862-9224-9442d9a6ebb9/resourceGroups/todo-rg1/providers/Microsoft.Network/virtualNetworks/todo-vnet/subnets/todo-subnet1",
                "name": "todo-subnet1",
                "private_endpoint_network_policies": "Disabled",
                "private_link_service_network_policies_enabled": true,
                "route_table_id": "",
                "security_group": "",
                "service_endpoint_policy_ids": [],
                "service_endpoints": []
              }
            ],
            "tags": {},
            "timeouts": null
          },
          "sensitive_attributes": [],
          "private": "eyJlMmJmYjczMC1lY2FhLTExZTYtOGY4OC0zNDM2M2JjN2M0YzAiOnsiY3JlYXRlIjoxODAwMDAwMDAwMDAwLCJkZWxldGUiOjE4MDAwMDAwMDAwMDAsInJlYWQiOjMwMDAwMDAwMDAwMCwidXBkYXRlIjoxODAwMDAwMDAwMDAwfX0=",
          "dependencies": [
            "module.azurerm_resource_group.azurerm_resource_group.todo_rg"
          ]
        }
      ]
    }
  ],
  "check_results": null
}
